%{
  "axon": {:git, "https://github.com/elixir-nx/axon.git", "b6c3598afdf8541bb256e5b21a1315379f8191f3", []},
  "castore": {:hex, :castore, "0.1.17", "ba672681de4e51ed8ec1f74ed624d104c0db72742ea1a5e74edbc770c815182f", [:mix], [], "hexpm", "d9844227ed52d26e7519224525cb6868650c272d4a3d327ce3ca5570c12163f9"},
  "complex": {:hex, :complex, "0.4.1", "5d5a7bdbec13428c05824bac550b7d2b14ec395cd64663eca3cb0d3359aa22c5", [:mix], [], "hexpm", "6a813529dddba9bdfc17dffdd1aeda7b3d6891b76c8d4c1ae902ec74eb496a32"},
  "elixir_make": {:hex, :elixir_make, "0.6.3", "bc07d53221216838d79e03a8019d0839786703129599e9619f4ab74c8c096eac", [:mix], [], "hexpm", "f5cbd651c5678bcaabdbb7857658ee106b12509cd976c2c2fca99688e1daf716"},
  "exla": {:git, "https://github.com/elixir-nx/nx.git", "b449ce7769b33de492b0217e3b72379878a66abe", [sparse: "exla"]},
  "explorer": {:hex, :explorer, "0.2.0", "ee03542c8a1c97eace1db925112bbbb870d272b3fce148ee08fb08f9bdf13381", [:mix], [{:rustler, ">= 0.0.0", [hex: :rustler, repo: "hexpm", optional: true]}, {:rustler_precompiled, "~> 0.4", [hex: :rustler_precompiled, repo: "hexpm", optional: false]}, {:table, "~> 0.1.0", [hex: :table, repo: "hexpm", optional: false]}, {:table_rex, "~> 3.1.1", [hex: :table_rex, repo: "hexpm", optional: false]}], "hexpm", "cb986e441c32c42eabddc03920ad3d063dee64eb21ac62e6ed96570eb5fc76ce"},
  "flow": {:hex, :flow, "1.1.0", "b569c1042cb2da97103f6d70a0267a5657dce1402f41b4020bef98bbef9c7c1e", [:mix], [{:gen_stage, "~> 1.0", [hex: :gen_stage, repo: "hexpm", optional: false]}], "hexpm", "066f42f7a1ea6a86cb4ef763310338981a5cfb93bcebce10863a23a4859fd785"},
  "gen_stage": {:hex, :gen_stage, "1.1.2", "b1656cd4ba431ed02c5656fe10cb5423820847113a07218da68eae5d6a260c23", [:mix], [], "hexpm", "9e39af23140f704e2b07a3e29d8f05fd21c2aaf4088ff43cb82be4b9e3148d02"},
  "kino": {:hex, :kino, "0.6.2", "3e8463ea19551f368c3dcbbf39d36b2627a33916598bfe87f51adc9aaab453fb", [:mix], [{:table, "~> 0.1.2", [hex: :table, repo: "hexpm", optional: false]}], "hexpm", "488cd83fa6efcdb4d5289c25daf842c44b33508fea048eb98f58132afc4ed513"},
  "nx": {:git, "https://github.com/elixir-nx/nx.git", "b449ce7769b33de492b0217e3b72379878a66abe", [sparse: "nx"]},
  "pixels": {:hex, :pixels, "0.2.1", "fef581b455d95aaabeccf56d78aee4bfb9146837e4be8b3d0ec71ca4fe1175d0", [:make, :mix], [{:elixir_make, "~> 0.6.0", [hex: :elixir_make, repo: "hexpm", optional: false]}], "hexpm", "b50c267db57933170e2a31611b9b12b1cc52799ee7dc71400d86980c1d6817fe"},
  "rustler_precompiled": {:hex, :rustler_precompiled, "0.5.1", "93df423bd7b14b67dcacf994443d132d300623f80756974cac4febeab40af74a", [:mix], [{:castore, "~> 0.1", [hex: :castore, repo: "hexpm", optional: false]}, {:rustler, "~> 0.23", [hex: :rustler, repo: "hexpm", optional: true]}], "hexpm", "3f8cbc8e92eef4e1a71bf441b568b868b16a3730f63f5b803c68073017e30b13"},
  "table": {:hex, :table, "0.1.2", "87ad1125f5b70c5dea0307aa633194083eb5182ec537efc94e96af08937e14a8", [:mix], [], "hexpm", "7e99bc7efef806315c7e65640724bf165c3061cdc5d854060f74468367065029"},
  "table_rex": {:hex, :table_rex, "3.1.1", "0c67164d1714b5e806d5067c1e96ff098ba7ae79413cc075973e17c38a587caa", [:mix], [], "hexpm", "678a23aba4d670419c23c17790f9dcd635a4a89022040df7d5d772cb21012490"},
  "xla": {:hex, :xla, "0.3.0", "7f40d3d799447bd745e6e61985c922821e355eca37c25754bac299d11f137f2e", [:make, :mix], [{:elixir_make, "~> 0.4", [hex: :elixir_make, repo: "hexpm", optional: false]}], "hexpm", "0de304f5624ea2f2ae1afdcbd72d33855364be36fed2cc5de8d6d2ec8950926e"},
}
